// !$*UTF8*$!
{
	archiveVersion = 1;
	classes = {
	};
	objectVersion = 46;
	objects = {

/* Begin PBXBuildFile section */
		253D1FEA1D44969500A36A9E /* main.m in Sources */ = {isa = PBXBuildFile; fileRef = 253D1FE91D44969500A36A9E /* main.m */; };
		253D1FED1D44969500A36A9E /* AppDelegate.m in Sources */ = {isa = PBXBuildFile; fileRef = 253D1FEC1D44969500A36A9E /* AppDelegate.m */; };
		253D1FF01D44969500A36A9E /* ViewController.m in Sources */ = {isa = PBXBuildFile; fileRef = 253D1FEF1D44969500A36A9E /* ViewController.m */; };
		253D1FF31D44969500A36A9E /* Main.storyboard in Resources */ = {isa = PBXBuildFile; fileRef = 253D1FF11D44969500A36A9E /* Main.storyboard */; };
		253D1FF51D44969500A36A9E /* Assets.xcassets in Resources */ = {isa = PBXBuildFile; fileRef = 253D1FF41D44969500A36A9E /* Assets.xcassets */; };
		253D1FF81D44969500A36A9E /* LaunchScreen.storyboard in Resources */ = {isa = PBXBuildFile; fileRef = 253D1FF61D44969500A36A9E /* LaunchScreen.storyboard */; };
		253D20001D44976800A36A9E /* QuartzCore.framework in Frameworks */ = {isa = PBXBuildFile; fileRef = 253D1FFF1D44976800A36A9E /* QuartzCore.framework */; };
/* End PBXBuildFile section */

/* Begin PBXFileReference section */
		253D1FE51D44969500A36A9E /* CALayer.app */ = {isa = PBXFileReference; explicitFileType = wrapper.application; includeInIndex = 0; path = CALayer.app; sourceTree = BUILT_PRODUCTS_DIR; };
		253D1FE91D44969500A36A9E /* main.m */ = {isa = PBXFileReference; lastKnownFileType = sourcecode.c.objc; path = main.m; sourceTree = "<group>"; };
		253D1FEB1D44969500A36A9E /* AppDelegate.h */ = {isa = PBXFileReference; lastKnownFileType = sourcecode.c.h; path = AppDelegate.h; sourceTree = "<group>"; };
		253D1FEC1D44969500A36A9E /* AppDelegate.m */ = {isa = PBXFileReference; lastKnownFileType = sourcecode.c.objc; path = AppDelegate.m; sourceTree = "<group>"; };
		253D1FEE1D44969500A36A9E /* ViewController.h */ = {isa = PBXFileReference; lastKnownFileType = sourcecode.c.h; path = ViewController.h; sourceTree = "<group>"; };
		253D1FEF1D44969500A36A9E /* ViewController.m */ = {isa = PBXFileReference; lastKnownFileType = sourcecode.c.objc; path = ViewController.m; sourceTree = "<group>"; };
		253D1FF21D44969500A36A9E /* Base */ = {isa = PBXFileReference; lastKnownFileType = file.storyboard; name = Base; path = Base.lproj/Main.storyboard; sourceTree = "<group>"; };
		253D1FF41D44969500A36A9E /* Assets.xcassets */ = {isa = PBXFileReference; lastKnownFileType = folder.assetcatalog; path = Assets.xcassets; sourceTree = "<group>"; };
		253D1FF71D44969500A36A9E /* Base */ = {isa = PBXFileReference; lastKnownFileType = file.storyboard; name = Base; path = Base.lproj/LaunchScreen.storyboard; sourceTree = "<group>"; };
		253D1FF91D44969500A36A9E /* Info.plist */ = {isa = PBXFileReference; lastKnownFileType = text.plist.xml; path = Info.plist; sourceTree = "<group>"; };
		253D1FFF1D44976800A36A9E /* QuartzCore.framework */ = {isa = PBXFileReference; lastKnownFileType = wrapper.framework; name = QuartzCore.framework; path = System/Library/Frameworks/QuartzCore.framework; sourceTree = SDKROOT; };
/* End PBXFileReference section */

/* Begin PBXFrameworksBuildPhase section */
		253D1FE21D44969500A36A9E /* Frameworks */ = {
			isa = PBXFrameworksBuildPhase;
			buildActionMask = 2147483647;
			files = (
				253D20001D44976800A36A9E /* QuartzCore.framework in Frameworks */,
			);
			runOnlyForDeploymentPostprocessing = 0;
		};
/* End PBXFrameworksBuildPhase section */

/* Begin PBXGroup section */
		253D1FDC1D44969500A36A9E = {
			isa = PBXGroup;
			children = (
				253D1FFF1D44976800A36A9E /* QuartzCore.framework */,
				253D1FE71D44969500A36A9E /* CALayer */,
				253D1FE61D44969500A36A9E /* Products */,
			);
			sourceTree = "<group>";
		};
		253D1FE61D44969500A36A9E /* Products */ = {
			isa = PBXGroup;
			children = (
				253D1FE51D44969500A36A9E /* CALayer.app */,
			);
			name = Products;
			sourceTree = "<group>";
		};
		253D1FE71D44969500A36A9E /* CALayer */ = {
			isa = PBXGroup;
			children = (
				253D1FEB1D44969500A36A9E /* AppDelegate.h */,
				253D1FEC1D44969500A36A9E /* AppDelegate.m */,
				253D1FEE1D44969500A36A9E /* ViewController.h */,
				253D1FEF1D44969500A36A9E /* ViewController.m */,
				253D1FF11D44969500A36A9E /* Main.storyboard */,
				253D1FF41D44969500A36A9E /* Assets.xcassets */,
				253D1FF61D44969500A36A9E /* LaunchScreen.storyboard */,
				253D1FF91D44969500A36A9E /* Info.plist */,
				253D1FE81D44969500A36A9E /* Supporting Files */,
			);
			path = CALayer;
			sourceTree = "<group>";
		};
		253D1FE81D44969500A36A9E /* Supporting Files */ = {
			isa = PBXGroup;
			children = (
				253D1FE91D44969500A36A9E /* main.m */,
			);
			name = "Supporting Files";
			sourceTree = "<group>";
		};
/* End PBXGroup section */

/* Begin PBXNativeTarget section */
		253D1FE41D44969500A36A9E /* CALayer */ = {
			isa = PBXNativeTarget;
			buildConfigurationList = 253D1FFC1D44969500A36A9E /* Build configuration list for PBXNativeTarget "CALayer" */;
			buildPhases = (
				253D1FE11D44969500A36A9E /* Sources */,
				253D1FE21D44969500A36A9E /* Frameworks */,
				253D1FE31D44969500A36A9E /* Resources */,
			);
			buildRules = (
			);
			dependencies = (
			);
			name = CALayer;
			productName = CALayer;
			productReference = 253D1FE51D44969500A36A9E /* CALayer.app */;
			productType = "com.apple.product-type.application";
		};
/* End PBXNativeTarget section */

/* Begin PBXProject section */
		253D1FDD1D44969500A36A9E /* Project object */ = {
			isa = PBXProject;
			attributes = {
				LastUpgradeCheck = 0730;
				ORGANIZATIONNAME = zht;
				TargetAttributes = {
					253D1FE41D44969500A36A9E = {
						CreatedOnToolsVersion = 7.3;
					};
				};
			};
			buildConfigurationList = 253D1FE01D44969500A36A9E /* Build configuration list for PBXProject "CALayer" */;
			compatibilityVersion = "Xcode 3.2";
			developmentRegion = English;
			hasScannedForEncodings = 0;
			knownRegions = (
				en,
				Base,
			);
			mainGroup = 253D1FDC1D44969500A36A9E;
			productRefGroup = 253D1FE61D44969500A36A9E /* Products */;
			projectDirPath = "";
			projectRoot = "";
			targets = (
				253D1FE41D44969500A36A9E /* CALayer */,
			);
		};
/* End PBXProject section */

/* Begin PBXResourcesBuildPhase section */
		253D1FE31D44969500A36A9E /* Resources */ = {
			isa = PBXResourcesBuildPhase;
			buildActionMask = 2147483647;
			files = (
				253D1FF81D44969500A36A9E /* LaunchScreen.storyboard in Resources */,
				253D1FF51D44969500A36A9E /* Assets.xcassets in Resources */,
				253D1FF31D44969500A36A9E /* Main.storyboard in Resources */,
			);
			runOnlyForDeploymentPostprocessing = 0;
		};
/* End PBXResourcesBuildPhase section */

/* Begin PBXSourcesBuildPhase section */
		253D1FE11D44969500A36A9E /* Sources */ = {
			isa = PBXSourcesBuildPhase;
			buildActionMask = 2147483647;
			files = (
				253D1FF01D44969500A36A9E /* ViewController.m in Sources */,
				253D1FED1D44969500A36A9E /* AppDelegate.m in Sources */,
				253D1FEA1D44969500A36A9E /* main.m in Sources */,
			);
			runOnlyForDeploymentPostprocessing = 0;
		};
/* End PBXSourcesBuildPhase section */

/* Begin PBXVariantGroup section */
		253D1FF11D44969500A36A9E /* Main.storyboard */ = {
			isa = PBXVariantGroup;
			children = (
				253D1FF21D44969500A36A9E /* Base */,
			);
			name = Main.storyboard;
			sourceTree = "<group>";
		};
		253D1FF61D44969500A36A9E /* LaunchScreen.storyboard */ = {
			isa = PBXVariantGroup;
			children = (
				253D1FF71D44969500A36A9E /* Base */,
			);
			name = LaunchScreen.storyboard;
			sourceTree = "<group>";
		};
/* End PBXVariantGroup section */

/* Begin XCBuildConfiguration section */
		253D1FFA1D44969500A36A9E /* Debug */ = {
			isa = XCBuildConfiguration;
			buildSettings = {
				ALWAYS_SEARCH_USER_PATHS = NO;
				CLANG_ANALYZER_NONNULL = YES;
				CLANG_CXX_LANGUAGE_STANDARD = "gnu++0x";
				CLANG_CXX_LIBRARY = "libc++";
				CLANG_ENABLE_MODULES = YES;
				CLANG_ENABLE_OBJC_ARC = YES;
				CLANG_WARN_BOOL_CONVERSION = YES;
				CLANG_WARN_CONSTANT_CONVERSION = YES;
				CLANG_WARN_DIRECT_OBJC_ISA_USAGE = YES_ERROR;
				CLANG_WARN_EMPTY_BODY = YES;
				CLANG_WARN_ENUM_CONVERSION = YES;
				CLANG_WARN_INT_CONVERSION = YES;
				CLANG_WARN_OBJC_ROOT_CLASS = YES_ERROR;
				CLANG_WARN_UNREACHABLE_CODE = YES;
				CLANG_WARN__DUPLICATE_METHOD_MATCH = YES;
				"CODE_SIGN_IDENTITY[sdk=iphoneos*]" = "iPhone Developer";
				COPY_PHASE_STRIP = NO;
				DEBUG_INFORMATION_FORMAT = dwarf;
				ENABLE_STRICT_OBJC_MSGSEND = YES;
				ENABLE_TESTABILITY = YES;
				GCC_C_LANGUAGE_STANDARD = gnu99;
				GCC_DYNAMIC_NO_PIC = NO;
				GCC_NO_COMMON_BLOCKS = YES;
				GCC_OPTIMIZATION_LEVEL = 0;
				GCC_PREPROCESSOR_DEFINITIONS = (
					"DEBUG=1",
					"$(inherited)",
				);
				GCC_WARN_64_TO_32_BIT_CONVERSION = YES;
				GCC_WARN_ABOUT_RETURN_TYPE = YES_ERROR;
				GCC_WARN_UNDECLARED_SELECTOR = YES;
				GCC_WARN_UNINITIALIZED_AUTOS = YES_AGGRESSIVE;
				GCC_WARN_UNUSED_FUNCTION = YES;
				GCC_WARN_UNUSED_VARIABLE = YES;
				IPHONEOS_DEPLOYMENT_TARGET = 9.3;
				MTL_ENABLE_DEBUG_INFO = YES;
				ONLY_ACTIVE_ARCH = YES;
				SDKROOT = iphoneos;
				TARGETED_DEVICE_FAMILY = "1,2";
			};
			name = Debug;
		};
		253D1FFB1D44969500A36A9E /* Release */ = {
			isa = XCBuildConfiguration;
			buildSettings = {
				ALWAYS_SEARCH_USER_PATHS = NO;
				CLANG_ANALYZER_NONNULL = YES;
				CLANG_CXX_LANGUAGE_STANDARD = "gnu++0x";
				CLANG_CXX_LIBRARY = "libc++";
				CLANG_ENABLE_MODULES = YES;
				CLANG_ENABLE_OBJC_ARC = YES;
				CLANG_WARN_BOOL_CONVERSION = YES;
				CLANG_WARN_CONSTANT_CONVERSION = YES;
				CLANG_WARN_DIRECT_OBJC_ISA_USAGE = YES_ERROR;
				CLANG_WARN_EMPTY_BODY = YES;
				CLANG_WARN_ENUM_CONVERSION = YES;
				CLANG_WARN_INT_CONVERSION = YES;
				CLANG_WARN_OBJC_ROOT_CLASS = YES_ERROR;
				CLANG_WARN_UNREACHABLE_CODE = YES;
				CLANG_WARN__DUPLICATE_METHOD_MATCH = YES;
				"CODE_SIGN_IDENTITY[sdk=iphoneos*]" = "iPhone Developer";
				COPY_PHASE_STRIP = NO;
				DEBUG_INFORMATION_FORMAT = "dwarf-with-dsym";
				ENABLE_NS_ASSERTIONS = NO;
				ENABLE_STRICT_OBJC_MSGSEND = YES;
				GCC_C_LANGUAGE_STANDARD = gnu99;
				GCC_NO_COMMON_BLOCKS = YES;
				GCC_WARN_64_TO_32_BIT_CONVERSION = YES;
				GCC_WARN_ABOUT_RETURN_TYPE = YES_ERROR;
				GCC_WARN_UNDECLARED_SELECTOR = YES;
				GCC_WARN_UNINITIALIZED_AUTOS = YES_AGGRESSIVE;
				GCC_WARN_UNUSED_FUNCTION = YES;
				GCC_WARN_UNUSED_VARIABLE = YES;
				IPHONEOS_DEPLOYMENT_TARGET = 9.3;
				MTL_ENABLE_DEBUG_INFO = NO;
				SDKROOT = iphoneos;
				TARGETED_DEVICE_FAMILY = "1,2";
				VALIDATE_PRODUCT = YES;
			};
			name = Release;
		};
		253D1FFD1D44969500A36A9E /* Debug */ = {
			isa = XCBuildConfiguration;
			buildSettings = {
				ASSETCATALOG_COMPILER_APPICON_NAME = AppIcon;
				INFOPLIST_FILE = CALayer/Info.plist;
				LD_RUNPATH_SEARCH_PATHS = "$(inherited) @executable_path/Frameworks";
				PRODUCT_BUNDLE_IDENTIFIER = zht.CALayer;
				PRODUCT_NAME = "$(TARGET_NAME)";
			};
			name = Debug;
		};
		253D1FFE1D44969500A36A9E /* Release */ = {
			isa = XCBuildConfiguration;
			buildSettings = {
				ASSETCATALOG_COMPILER_APPICON_NAME = AppIcon;
				INFOPLIST_FILE = CALayer/Info.plist;
				LD_RUNPATH_SEARCH_PATHS = "$(inherited) @executable_path/Frameworks";
				PRODUCT_BUNDLE_IDENTIFIER = zht.CALayer;
				PRODUCT_NAME = "$(TARGET_NAME)";
			};
			name = Release;
		};
/* End XCBuildConfiguration section */

/* Begin XCConfigurationList section */
		253D1FE01D44969500A36A9E /* Build configuration list for PBXProject "CALayer" */ = {
			isa = XCConfigurationList;
			buildConfigurations = (
				253D1FFA1D44969500A36A9E /* Debug */,
				253D1FFB1D44969500A36A9E /* Release */,
			);
			defaultConfigurationIsVisible = 0;
			defaultConfigurationName = Release;
		};
		253D1FFC1D44969500A36A9E /* Build configuration list for PBXNativeTarget "CALayer" */ = {
			isa = XCConfigurationList;
			buildConfigurations = (
				253D1FFD1D44969500A36A9E /* Debug */,
				253D1FFE1D44969500A36A9E /* Release */,
			);
			defaultConfigurationIsVisible = 0;
		};
/* End XCConfigurationList section */
	};
	rootObject = 253D1FDD1D44969500A36A9E /* Project object */;
}
